
Microsoft Visual Studio Solution File, Format Version 12.00
# Visual Studio Version 17
VisualStudioVersion = 17.4.33213.308
MinimumVisualStudioVersion = 10.0.40219.1
Project("{FAE04EC0-301F-11D3-BF4B-00C04F79EFBC}") = "StuAdmit", "StuAdmit\StuAdmit.csproj", "{02631120-0DB4-4032-AA0A-45CAC486529D}"
EndProject
Global
	GlobalSection(SolutionConfigurationPlatforms) = preSolution
		Debug|Any CPU = Debug|Any CPU
		Release|Any CPU = Release|Any CPU
	EndGlobalSection
	GlobalSection(ProjectConfigurationPlatforms) = postSolution
		{02631120-0DB4-4032-AA0A-45CAC486529D}.Debug|Any CPU.ActiveCfg = Debug|Any CPU
		{02631120-0DB4-4032-AA0A-45CAC486529D}.Debug|Any CPU.Build.0 = Debug|Any CPU
		{02631120-0DB4-4032-AA0A-45CAC486529D}.Release|Any CPU.ActiveCfg = Release|Any CPU
		{02631120-0DB4-4032-AA0A-45CAC486529D}.Release|Any CPU.Build.0 = Release|Any CPU
	EndGlobalSection
	GlobalSection(SolutionProperties) = preSolution
		HideSolutionNode = FALSE
	EndGlobalSection
	GlobalSection(ExtensibilityGlobals) = postSolution
		SolutionGuid = {B5D9FA10-109E-4D99-9D1A-B2A21E692EAE}
	EndGlobalSection
EndGlobal
